// !$*UTF8*$!
{
	archiveVersion = 1;
	classes = {
	};
	objectVersion = 46;
	objects = {

/* Begin PBXAggregateTarget section */
		1E551F461799509100A4135C /* all */ = {
			isa = PBXAggregateTarget;
			buildConfigurationList = 1E551F471799509100A4135C /* Build configuration list for PBXAggregateTarget "all" */;
			buildPhases = (
			);
			dependencies = (
				1E3E3D27179960AC005F2132 /* PBXTargetDependency */,
			);
			name = all;
			productName = all;
		};
/* End PBXAggregateTarget section */

/* Begin PBXBuildFile section */
		1E3E3CBE17995D5C005F2132 /* ofxsCore.cpp in Sources */ = {isa = PBXBuildFile; fileRef = 1E3E3CB517995D5C005F2132 /* ofxsCore.cpp */; };
		1E3E3CBF17995D5C005F2132 /* ofxsImageEffect.cpp in Sources */ = {isa = PBXBuildFile; fileRef = 1E3E3CB617995D5C005F2132 /* ofxsImageEffect.cpp */; };
		1E3E3CC017995D5C005F2132 /* ofxsInteract.cpp in Sources */ = {isa = PBXBuildFile; fileRef = 1E3E3CB717995D5C005F2132 /* ofxsInteract.cpp */; };
		1E3E3CC117995D5C005F2132 /* ofxsLog.cpp in Sources */ = {isa = PBXBuildFile; fileRef = 1E3E3CB817995D5C005F2132 /* ofxsLog.cpp */; };
		1E3E3CC217995D5C005F2132 /* ofxsMultiThread.cpp in Sources */ = {isa = PBXBuildFile; fileRef = 1E3E3CB917995D5C005F2132 /* ofxsMultiThread.cpp */; };
		1E3E3CC317995D5C005F2132 /* ofxsParams.cpp in Sources */ = {isa = PBXBuildFile; fileRef = 1E3E3CBA17995D5C005F2132 /* ofxsParams.cpp */; };
		1E3E3CC417995D5C005F2132 /* ofxsProperty.cpp in Sources */ = {isa = PBXBuildFile; fileRef = 1E3E3CBB17995D5C005F2132 /* ofxsProperty.cpp */; };
		1E3E3CC517995D5C005F2132 /* ofxsPropertyValidation.cpp in Sources */ = {isa = PBXBuildFile; fileRef = 1E3E3CBC17995D5C005F2132 /* ofxsPropertyValidation.cpp */; };
		1E3E3CC617995D8C005F2132 /* OpenGL.framework in Frameworks */ = {isa = PBXBuildFile; fileRef = 1E551F5A179950EC00A4135C /* OpenGL.framework */; };
		1E46935017C686820073A6EF /* yadifdeint.cpp in Sources */ = {isa = PBXBuildFile; fileRef = 1E46934F17C6867C0073A6EF /* yadifdeint.cpp */; };
/* End PBXBuildFile section */

/* Begin PBXContainerItemProxy section */
		1E3E3D26179960AC005F2132 /* PBXContainerItemProxy */ = {
			isa = PBXContainerItemProxy;
			containerPortal = 1E551EB917994D4000A4135C /* Project object */;
			proxyType = 1;
			remoteGlobalIDString = 1E3E3CA317995BEE005F2132;
			remoteInfo = basic.ofx;
		};
/* End PBXContainerItemProxy section */

/* Begin PBXFileReference section */
		1E3E3CA417995BEE005F2132 /* yadif.ofx.bundle */ = {isa = PBXFileReference; explicitFileType = wrapper.cfbundle; includeInIndex = 0; path = yadif.ofx.bundle; sourceTree = BUILT_PRODUCTS_DIR; };
		1E3E3CB517995D5C005F2132 /* ofxsCore.cpp */ = {isa = PBXFileReference; fileEncoding = 4; lastKnownFileType = sourcecode.cpp.cpp; path = ofxsCore.cpp; sourceTree = "<group>"; };
		1E3E3CB617995D5C005F2132 /* ofxsImageEffect.cpp */ = {isa = PBXFileReference; fileEncoding = 4; lastKnownFileType = sourcecode.cpp.cpp; path = ofxsImageEffect.cpp; sourceTree = "<group>"; };
		1E3E3CB717995D5C005F2132 /* ofxsInteract.cpp */ = {isa = PBXFileReference; fileEncoding = 4; lastKnownFileType = sourcecode.cpp.cpp; path = ofxsInteract.cpp; sourceTree = "<group>"; };
		1E3E3CB817995D5C005F2132 /* ofxsLog.cpp */ = {isa = PBXFileReference; fileEncoding = 4; lastKnownFileType = sourcecode.cpp.cpp; path = ofxsLog.cpp; sourceTree = "<group>"; };
		1E3E3CB917995D5C005F2132 /* ofxsMultiThread.cpp */ = {isa = PBXFileReference; fileEncoding = 4; lastKnownFileType = sourcecode.cpp.cpp; path = ofxsMultiThread.cpp; sourceTree = "<group>"; };
		1E3E3CBA17995D5C005F2132 /* ofxsParams.cpp */ = {isa = PBXFileReference; fileEncoding = 4; lastKnownFileType = sourcecode.cpp.cpp; path = ofxsParams.cpp; sourceTree = "<group>"; };
		1E3E3CBB17995D5C005F2132 /* ofxsProperty.cpp */ = {isa = PBXFileReference; fileEncoding = 4; lastKnownFileType = sourcecode.cpp.cpp; path = ofxsProperty.cpp; sourceTree = "<group>"; };
		1E3E3CBC17995D5C005F2132 /* ofxsPropertyValidation.cpp */ = {isa = PBXFileReference; fileEncoding = 4; lastKnownFileType = sourcecode.cpp.cpp; path = ofxsPropertyValidation.cpp; sourceTree = "<group>"; };
		1E3E3CBD17995D5C005F2132 /* ofxsSupportPrivate.h */ = {isa = PBXFileReference; fileEncoding = 4; lastKnownFileType = sourcecode.c.h; path = ofxsSupportPrivate.h; sourceTree = "<group>"; };
		1E3E3D3117996112005F2132 /* ofxsCore.h */ = {isa = PBXFileReference; lastKnownFileType = sourcecode.c.h; path = ofxsCore.h; sourceTree = "<group>"; };
		1E3E3D3217996112005F2132 /* ofxsImageEffect.h */ = {isa = PBXFileReference; lastKnownFileType = sourcecode.c.h; path = ofxsImageEffect.h; sourceTree = "<group>"; };
		1E3E3D3317996112005F2132 /* ofxsInteract.h */ = {isa = PBXFileReference; lastKnownFileType = sourcecode.c.h; path = ofxsInteract.h; sourceTree = "<group>"; };
		1E3E3D3417996112005F2132 /* ofxsLog.h */ = {isa = PBXFileReference; lastKnownFileType = sourcecode.c.h; path = ofxsLog.h; sourceTree = "<group>"; };
		1E3E3D3517996112005F2132 /* ofxsMemory.h */ = {isa = PBXFileReference; lastKnownFileType = sourcecode.c.h; path = ofxsMemory.h; sourceTree = "<group>"; };
		1E3E3D3617996112005F2132 /* ofxsMessage.h */ = {isa = PBXFileReference; lastKnownFileType = sourcecode.c.h; path = ofxsMessage.h; sourceTree = "<group>"; };
		1E3E3D3717996112005F2132 /* ofxsMultiThread.h */ = {isa = PBXFileReference; lastKnownFileType = sourcecode.c.h; path = ofxsMultiThread.h; sourceTree = "<group>"; };
		1E3E3D3817996112005F2132 /* ofxsParam.h */ = {isa = PBXFileReference; lastKnownFileType = sourcecode.c.h; path = ofxsParam.h; sourceTree = "<group>"; };
		1E3E3DA91799646E005F2132 /* CoreFoundation.framework */ = {isa = PBXFileReference; lastKnownFileType = wrapper.framework; name = CoreFoundation.framework; path = Platforms/MacOSX.platform/Developer/SDKs/MacOSX10.8.sdk/System/Library/Frameworks/CoreFoundation.framework; sourceTree = DEVELOPER_DIR; };
		1E46934F17C6867C0073A6EF /* yadifdeint.cpp */ = {isa = PBXFileReference; fileEncoding = 4; lastKnownFileType = sourcecode.cpp.cpp; name = yadifdeint.cpp; path = source/yadifdeint.cpp; sourceTree = "<group>"; };
		1E551F5A179950EC00A4135C /* OpenGL.framework */ = {isa = PBXFileReference; lastKnownFileType = wrapper.framework; name = OpenGL.framework; path = System/Library/Frameworks/OpenGL.framework; sourceTree = SDKROOT; };
		1EC7C7FB18BF4FEE002A246F /* ofxsHWNDInteract.h */ = {isa = PBXFileReference; lastKnownFileType = sourcecode.c.h; path = ofxsHWNDInteract.h; sourceTree = "<group>"; };
		1EC7C7FD18BF5004002A246F /* camera.h */ = {isa = PBXFileReference; lastKnownFileType = sourcecode.c.h; path = camera.h; sourceTree = "<group>"; };
		1EC7C7FE18BF5004002A246F /* fnPublicOfxExtensions.h */ = {isa = PBXFileReference; lastKnownFileType = sourcecode.c.h; path = fnPublicOfxExtensions.h; sourceTree = "<group>"; };
		1EC7C7FF18BF5004002A246F /* ofxCore.h */ = {isa = PBXFileReference; lastKnownFileType = sourcecode.c.h; name = ofxCore.h; path = openfx/include/ofxCore.h; sourceTree = SOURCE_ROOT; };
		1EC7C80018BF5004002A246F /* ofxDialog.h */ = {isa = PBXFileReference; lastKnownFileType = sourcecode.c.h; name = ofxDialog.h; path = openfx/include/ofxDialog.h; sourceTree = SOURCE_ROOT; };
		1EC7C80118BF5004002A246F /* ofxImageEffect.h */ = {isa = PBXFileReference; lastKnownFileType = sourcecode.c.h; name = ofxImageEffect.h; path = openfx/include/ofxImageEffect.h; sourceTree = SOURCE_ROOT; };
		1EC7C80218BF5004002A246F /* ofxInteract.h */ = {isa = PBXFileReference; lastKnownFileType = sourcecode.c.h; name = ofxInteract.h; path = openfx/include/ofxInteract.h; sourceTree = SOURCE_ROOT; };
		1EC7C80318BF5004002A246F /* ofxKeySyms.h */ = {isa = PBXFileReference; lastKnownFileType = sourcecode.c.h; name = ofxKeySyms.h; path = openfx/include/ofxKeySyms.h; sourceTree = SOURCE_ROOT; };
		1EC7C80418BF5004002A246F /* ofxMemory.h */ = {isa = PBXFileReference; lastKnownFileType = sourcecode.c.h; name = ofxMemory.h; path = openfx/include/ofxMemory.h; sourceTree = SOURCE_ROOT; };
		1EC7C80518BF5004002A246F /* ofxMessage.h */ = {isa = PBXFileReference; lastKnownFileType = sourcecode.c.h; name = ofxMessage.h; path = openfx/include/ofxMessage.h; sourceTree = SOURCE_ROOT; };
		1EC7C80618BF5004002A246F /* ofxMultiThread.h */ = {isa = PBXFileReference; lastKnownFileType = sourcecode.c.h; name = ofxMultiThread.h; path = openfx/include/ofxMultiThread.h; sourceTree = SOURCE_ROOT; };
		1EC7C80718BF5004002A246F /* ofxOpenGLRender.h */ = {isa = PBXFileReference; lastKnownFileType = sourcecode.c.h; name = ofxOpenGLRender.h; path = openfx/include/ofxOpenGLRender.h; sourceTree = SOURCE_ROOT; };
		1EC7C80818BF5004002A246F /* ofxParam.h */ = {isa = PBXFileReference; lastKnownFileType = sourcecode.c.h; name = ofxParam.h; path = openfx/include/ofxParam.h; sourceTree = SOURCE_ROOT; };
		1EC7C80918BF5004002A246F /* ofxParametricParam.h */ = {isa = PBXFileReference; lastKnownFileType = sourcecode.c.h; name = ofxParametricParam.h; path = openfx/include/ofxParametricParam.h; sourceTree = SOURCE_ROOT; };
		1EC7C80A18BF5004002A246F /* ofxPixels.h */ = {isa = PBXFileReference; lastKnownFileType = sourcecode.c.h; name = ofxPixels.h; path = openfx/include/ofxPixels.h; sourceTree = SOURCE_ROOT; };
		1EC7C80B18BF5004002A246F /* ofxProgress.h */ = {isa = PBXFileReference; lastKnownFileType = sourcecode.c.h; name = ofxProgress.h; path = openfx/include/ofxProgress.h; sourceTree = SOURCE_ROOT; };
		1EC7C80C18BF5004002A246F /* ofxProperty.h */ = {isa = PBXFileReference; lastKnownFileType = sourcecode.c.h; name = ofxProperty.h; path = openfx/include/ofxProperty.h; sourceTree = SOURCE_ROOT; };
		1EC7C80D18BF5004002A246F /* ofxSonyVegas.h */ = {isa = PBXFileReference; lastKnownFileType = sourcecode.c.h; name = ofxSonyVegas.h; path = openfx/include/ofxSonyVegas.h; sourceTree = SOURCE_ROOT; };
		1EC7C80E18BF5004002A246F /* ofxTimeLine.h */ = {isa = PBXFileReference; lastKnownFileType = sourcecode.c.h; name = ofxTimeLine.h; path = openfx/include/ofxTimeLine.h; sourceTree = SOURCE_ROOT; };
		1EC7C81018BF5004002A246F /* ofxReadWrite.h */ = {isa = PBXFileReference; lastKnownFileType = sourcecode.c.h; path = ofxReadWrite.h; sourceTree = "<group>"; };
/* End PBXFileReference section */

/* Begin PBXFrameworksBuildPhase section */
		1E3E3CA117995BEE005F2132 /* Frameworks */ = {
			isa = PBXFrameworksBuildPhase;
			buildActionMask = 2147483647;
			files = (
				1E3E3CC617995D8C005F2132 /* OpenGL.framework in Frameworks */,
			);
			runOnlyForDeploymentPostprocessing = 0;
		};
/* End PBXFrameworksBuildPhase section */

/* Begin PBXGroup section */
		1E3E3CB417995D15005F2132 /* Library */ = {
			isa = PBXGroup;
			children = (
				1E3E3CB517995D5C005F2132 /* ofxsCore.cpp */,
				1E3E3CB617995D5C005F2132 /* ofxsImageEffect.cpp */,
				1E3E3CB717995D5C005F2132 /* ofxsInteract.cpp */,
				1E3E3CB817995D5C005F2132 /* ofxsLog.cpp */,
				1E3E3CB917995D5C005F2132 /* ofxsMultiThread.cpp */,
				1E3E3CBA17995D5C005F2132 /* ofxsParams.cpp */,
				1E3E3CBB17995D5C005F2132 /* ofxsProperty.cpp */,
				1E3E3CBC17995D5C005F2132 /* ofxsPropertyValidation.cpp */,
				1E3E3CBD17995D5C005F2132 /* ofxsSupportPrivate.h */,
			);
			name = Library;
			path = openfx/Support/Library;
			sourceTree = "<group>";
		};
		1E3E3D30179960F9005F2132 /* Headers */ = {
			isa = PBXGroup;
			children = (
				1EC7C7FF18BF5004002A246F /* ofxCore.h */,
				1EC7C80018BF5004002A246F /* ofxDialog.h */,
				1EC7C80118BF5004002A246F /* ofxImageEffect.h */,
				1EC7C80218BF5004002A246F /* ofxInteract.h */,
				1EC7C80318BF5004002A246F /* ofxKeySyms.h */,
				1EC7C80418BF5004002A246F /* ofxMemory.h */,
				1EC7C80518BF5004002A246F /* ofxMessage.h */,
				1EC7C80618BF5004002A246F /* ofxMultiThread.h */,
				1EC7C80718BF5004002A246F /* ofxOpenGLRender.h */,
				1EC7C80818BF5004002A246F /* ofxParam.h */,
				1EC7C80918BF5004002A246F /* ofxParametricParam.h */,
				1EC7C80A18BF5004002A246F /* ofxPixels.h */,
				1EC7C80B18BF5004002A246F /* ofxProgress.h */,
				1EC7C80C18BF5004002A246F /* ofxProperty.h */,
				1EC7C80D18BF5004002A246F /* ofxSonyVegas.h */,
				1EC7C80E18BF5004002A246F /* ofxTimeLine.h */,
				1EC7C7FC18BF5004002A246F /* nuke */,
				1EC7C80F18BF5004002A246F /* tuttle */,
				1E3E3D3117996112005F2132 /* ofxsCore.h */,
				1EC7C7FB18BF4FEE002A246F /* ofxsHWNDInteract.h */,
				1E3E3D3217996112005F2132 /* ofxsImageEffect.h */,
				1E3E3D3317996112005F2132 /* ofxsInteract.h */,
				1E3E3D3417996112005F2132 /* ofxsLog.h */,
				1E3E3D3517996112005F2132 /* ofxsMemory.h */,
				1E3E3D3617996112005F2132 /* ofxsMessage.h */,
				1E3E3D3717996112005F2132 /* ofxsMultiThread.h */,
				1E3E3D3817996112005F2132 /* ofxsParam.h */,
			);
			name = Headers;
			path = openfx/Support/include;
			sourceTree = "<group>";
		};
		1E551EB817994D4000A4135C = {
			isa = PBXGroup;
			children = (
				1E3E3DA91799646E005F2132 /* CoreFoundation.framework */,
				1E3E3D30179960F9005F2132 /* Headers */,
				1E551ED217994DEF00A4135C /* Sources */,
				1E551EDA17994E8100A4135C /* Frameworks */,
				1E551EC217994D4000A4135C /* Products */,
			);
			sourceTree = "<group>";
		};
		1E551EC217994D4000A4135C /* Products */ = {
			isa = PBXGroup;
			children = (
				1E3E3CA417995BEE005F2132 /* yadif.ofx.bundle */,
			);
			name = Products;
			sourceTree = "<group>";
		};
		1E551ED217994DEF00A4135C /* Sources */ = {
			isa = PBXGroup;
			children = (
				1E46934F17C6867C0073A6EF /* yadifdeint.cpp */,
				1E3E3CB417995D15005F2132 /* Library */,
			);
			name = Sources;
			sourceTree = "<group>";
		};
		1E551EDA17994E8100A4135C /* Frameworks */ = {
			isa = PBXGroup;
			children = (
				1E551F5A179950EC00A4135C /* OpenGL.framework */,
			);
			name = Frameworks;
			sourceTree = "<group>";
		};
		1EC7C7FC18BF5004002A246F /* nuke */ = {
			isa = PBXGroup;
			children = (
				1EC7C7FD18BF5004002A246F /* camera.h */,
				1EC7C7FE18BF5004002A246F /* fnPublicOfxExtensions.h */,
			);
			name = nuke;
			path = openfx/include/nuke;
			sourceTree = SOURCE_ROOT;
		};
		1EC7C80F18BF5004002A246F /* tuttle */ = {
			isa = PBXGroup;
			children = (
				1EC7C81018BF5004002A246F /* ofxReadWrite.h */,
			);
			name = tuttle;
			path = openfx/include/tuttle;
			sourceTree = SOURCE_ROOT;
		};
/* End PBXGroup section */

/* Begin PBXNativeTarget section */
		1E3E3CA317995BEE005F2132 /* yadif.ofx */ = {
			isa = PBXNativeTarget;
			buildConfigurationList = 1E3E3CAE17995BEE005F2132 /* Build configuration list for PBXNativeTarget "yadif.ofx" */;
			buildPhases = (
				1E3E3CA017995BEE005F2132 /* Sources */,
				1E3E3CA117995BEE005F2132 /* Frameworks */,
				1E3E3CA217995BEE005F2132 /* Resources */,
			);
			buildRules = (
			);
			dependencies = (
			);
			name = yadif.ofx;
			productName = basic.ofx;
			productReference = 1E3E3CA417995BEE005F2132 /* yadif.ofx.bundle */;
			productType = "com.apple.product-type.bundle";
		};
/* End PBXNativeTarget section */

/* Begin PBXProject section */
		1E551EB917994D4000A4135C /* Project object */ = {
			isa = PBXProject;
			attributes = {
				LastUpgradeCheck = 0460;
				ORGANIZATIONNAME = OpenFX;
			};
			buildConfigurationList = 1E551EBC17994D4000A4135C /* Build configuration list for PBXProject "yadif" */;
			compatibilityVersion = "Xcode 3.2";
			developmentRegion = English;
			hasScannedForEncodings = 0;
			knownRegions = (
				en,
			);
			mainGroup = 1E551EB817994D4000A4135C;
			productRefGroup = 1E551EC217994D4000A4135C /* Products */;
			projectDirPath = "";
			projectRoot = "";
			targets = (
				1E551F461799509100A4135C /* all */,
				1E3E3CA317995BEE005F2132 /* yadif.ofx */,
			);
		};
/* End PBXProject section */

/* Begin PBXResourcesBuildPhase section */
		1E3E3CA217995BEE005F2132 /* Resources */ = {
			isa = PBXResourcesBuildPhase;
			buildActionMask = 2147483647;
			files = (
			);
			runOnlyForDeploymentPostprocessing = 0;
		};
/* End PBXResourcesBuildPhase section */

/* Begin PBXSourcesBuildPhase section */
		1E3E3CA017995BEE005F2132 /* Sources */ = {
			isa = PBXSourcesBuildPhase;
			buildActionMask = 2147483647;
			files = (
				1E3E3CBE17995D5C005F2132 /* ofxsCore.cpp in Sources */,
				1E3E3CBF17995D5C005F2132 /* ofxsImageEffect.cpp in Sources */,
				1E3E3CC017995D5C005F2132 /* ofxsInteract.cpp in Sources */,
				1E3E3CC117995D5C005F2132 /* ofxsLog.cpp in Sources */,
				1E3E3CC217995D5C005F2132 /* ofxsMultiThread.cpp in Sources */,
				1E3E3CC317995D5C005F2132 /* ofxsParams.cpp in Sources */,
				1E3E3CC417995D5C005F2132 /* ofxsProperty.cpp in Sources */,
				1E3E3CC517995D5C005F2132 /* ofxsPropertyValidation.cpp in Sources */,
				1E46935017C686820073A6EF /* yadifdeint.cpp in Sources */,
			);
			runOnlyForDeploymentPostprocessing = 0;
		};
/* End PBXSourcesBuildPhase section */

/* Begin PBXTargetDependency section */
		1E3E3D27179960AC005F2132 /* PBXTargetDependency */ = {
			isa = PBXTargetDependency;
			target = 1E3E3CA317995BEE005F2132 /* yadif.ofx */;
			targetProxy = 1E3E3D26179960AC005F2132 /* PBXContainerItemProxy */;
		};
/* End PBXTargetDependency section */

/* Begin XCBuildConfiguration section */
		1E3E3CAF17995BEE005F2132 /* Debug */ = {
			isa = XCBuildConfiguration;
			buildSettings = {
				EXPORTED_SYMBOLS_FILE = "$(OFX_PATH)/Support/include/osxSymbols";
				INFOPLIST_FILE = Info.plist;
				INSTALL_PATH = "$(LOCAL_LIBRARY_DIR)/OFX/Plugins/$(PROJECT_NAME)";
				PRODUCT_NAME = "$(TARGET_NAME)";
				WRAPPER_EXTENSION = bundle;
			};
			name = Debug;
		};
		1E3E3CB017995BEE005F2132 /* Release */ = {
			isa = XCBuildConfiguration;
			buildSettings = {
				EXPORTED_SYMBOLS_FILE = "$(OFX_PATH)/Support/include/osxSymbols";
				INFOPLIST_FILE = Info.plist;
				INSTALL_PATH = "$(LOCAL_LIBRARY_DIR)/OFX/Plugins/$(PROJECT_NAME)";
				PRODUCT_NAME = "$(TARGET_NAME)";
				WRAPPER_EXTENSION = bundle;
			};
			name = Release;
		};
		1E551ECD17994D4000A4135C /* Debug */ = {
			isa = XCBuildConfiguration;
			buildSettings = {
				ALWAYS_SEARCH_USER_PATHS = NO;
				ARCHS = "$(ARCHS_STANDARD_32_64_BIT)";
				CLANG_WARN_CONSTANT_CONVERSION = YES;
				CLANG_WARN_EMPTY_BODY = YES;
				CLANG_WARN_ENUM_CONVERSION = YES;
				CLANG_WARN_INT_CONVERSION = YES;
				CLANG_WARN__DUPLICATE_METHOD_MATCH = YES;
				COPY_PHASE_STRIP = NO;
				GCC_DYNAMIC_NO_PIC = NO;
				GCC_OPTIMIZATION_LEVEL = 0;
				GCC_PREPROCESSOR_DEFINITIONS = (
					"DEBUG=1",
					"$(inherited)",
				);
				GCC_SYMBOLS_PRIVATE_EXTERN = NO;
				GCC_WARN_64_TO_32_BIT_CONVERSION = YES;
				GCC_WARN_ABOUT_RETURN_TYPE = YES;
				GCC_WARN_UNINITIALIZED_AUTOS = YES;
				GCC_WARN_UNUSED_VARIABLE = YES;
				HEADER_SEARCH_PATHS = (
					"$(OFX_PATH)/include",
					"$(OFX_PATH)/Support/include",
					"$(OFX_PATH)/Support/Plugins/include",
				);
				LD_RUNPATH_SEARCH_PATHS = "@loader_path/../Frameworks @loader_path/../Libraries";
				OFX_PATH = openfx;
				ONLY_ACTIVE_ARCH = YES;
			};
			name = Debug;
		};
		1E551ECE17994D4000A4135C /* Release */ = {
			isa = XCBuildConfiguration;
			buildSettings = {
				ALWAYS_SEARCH_USER_PATHS = NO;
				ARCHS = "$(ARCHS_STANDARD_32_64_BIT)";
				CLANG_WARN_CONSTANT_CONVERSION = YES;
				CLANG_WARN_EMPTY_BODY = YES;
				CLANG_WARN_ENUM_CONVERSION = YES;
				CLANG_WARN_INT_CONVERSION = YES;
				CLANG_WARN__DUPLICATE_METHOD_MATCH = YES;
				COPY_PHASE_STRIP = YES;
				DEBUG_INFORMATION_FORMAT = "dwarf-with-dsym";
				GCC_PREPROCESSOR_DEFINITIONS = (
					"NDEBUG=1",
					"$(inherited)",
				);
				GCC_WARN_64_TO_32_BIT_CONVERSION = YES;
				GCC_WARN_ABOUT_RETURN_TYPE = YES;
				GCC_WARN_UNINITIALIZED_AUTOS = YES;
				GCC_WARN_UNUSED_VARIABLE = YES;
				HEADER_SEARCH_PATHS = (
					"$(OFX_PATH)/include",
					"$(OFX_PATH)/Support/include",
					"$(OFX_PATH)/Support/Plugins/include",
				);
				LD_RUNPATH_SEARCH_PATHS = "@loader_path/../Frameworks @loader_path/../Libraries";
				OFX_PATH = openfx;
			};
			name = Release;
		};
		1E551F481799509100A4135C /* Debug */ = {
			isa = XCBuildConfiguration;
			buildSettings = {
				PRODUCT_NAME = "$(TARGET_NAME)";
			};
			name = Debug;
		};
		1E551F491799509100A4135C /* Release */ = {
			isa = XCBuildConfiguration;
			buildSettings = {
				PRODUCT_NAME = "$(TARGET_NAME)";
			};
			name = Release;
		};
/* End XCBuildConfiguration section */

/* Begin XCConfigurationList section */
		1E3E3CAE17995BEE005F2132 /* Build configuration list for PBXNativeTarget "yadif.ofx" */ = {
			isa = XCConfigurationList;
			buildConfigurations = (
				1E3E3CAF17995BEE005F2132 /* Debug */,
				1E3E3CB017995BEE005F2132 /* Release */,
			);
			defaultConfigurationIsVisible = 0;
			defaultConfigurationName = Release;
		};
		1E551EBC17994D4000A4135C /* Build configuration list for PBXProject "yadif" */ = {
			isa = XCConfigurationList;
			buildConfigurations = (
				1E551ECD17994D4000A4135C /* Debug */,
				1E551ECE17994D4000A4135C /* Release */,
			);
			defaultConfigurationIsVisible = 0;
			defaultConfigurationName = Release;
		};
		1E551F471799509100A4135C /* Build configuration list for PBXAggregateTarget "all" */ = {
			isa = XCConfigurationList;
			buildConfigurations = (
				1E551F481799509100A4135C /* Debug */,
				1E551F491799509100A4135C /* Release */,
			);
			defaultConfigurationIsVisible = 0;
			defaultConfigurationName = Release;
		};
/* End XCConfigurationList section */
	};
	rootObject = 1E551EB917994D4000A4135C /* Project object */;
}
